
Microsoft Visual Studio Solution File, Format Version 12.00
# Visual Studio Version 17
VisualStudioVersion = 17.5.002.0
MinimumVisualStudioVersion = 10.0.40219.1
Project("{9A19103F-16F7-4668-BE54-9A1E7A4F7556}") = "MusicApi", "MusicAPI\MusicApi.csproj", "{DA8C040F-F038-4B9D-AF59-3E711334A787}"
EndProject
Global
	GlobalSection(SolutionConfigurationPlatforms) = preSolution
		Debug|Any CPU = Debug|Any CPU
		Release|Any CPU = Release|Any CPU
	EndGlobalSection
	GlobalSection(ProjectConfigurationPlatforms) = postSolution
		{DA8C040F-F038-4B9D-AF59-3E711334A787}.Debug|Any CPU.ActiveCfg = Debug|Any CPU
		{DA8C040F-F038-4B9D-AF59-3E711334A787}.Debug|Any CPU.Build.0 = Debug|Any CPU
		{DA8C040F-F038-4B9D-AF59-3E711334A787}.Release|Any CPU.ActiveCfg = Release|Any CPU
		{DA8C040F-F038-4B9D-AF59-3E711334A787}.Release|Any CPU.Build.0 = Release|Any CPU
	EndGlobalSection
	GlobalSection(SolutionProperties) = preSolution
		HideSolutionNode = FALSE
	EndGlobalSection
	GlobalSection(ExtensibilityGlobals) = postSolution
		SolutionGuid = {A887395E-1596-439E-AA1A-4DAC75535E96}
	EndGlobalSection
EndGlobal
